{
  "object": {
    "pins": [
      {
        "package": "swift-argument-parser",
        "repositoryURL": "https://github.com/apple/swift-argument-parser",
        "state": {
          "branch": null,
          "revision": "6a52f3251125d74daf04fcbd5e6f08a75d074382",
          "version": "1.8.2"
        }
      }
    ]
  },
  "version": 1
}
