// !$*UTF8*$!
{
   archiveVersion = "1";
   objectVersion = "46";
   objects = {
      "OBJ_1" = {
         isa = "PBXProject";
         attributes = {
            LastSwiftMigration = "9999";
            LastUpgradeCheck = "9999";
         };
         buildConfigurationList = "OBJ_2";
         compatibilityVersion = "Xcode 3.2";
         developmentRegion = "en";
         hasScannedForEncodings = "0";
         knownRegions = (
            "en"
         );
         mainGroup = "OBJ_5";
         productRefGroup = "OBJ_98";
         projectDirPath = ".";
         targets = (
            "swift-argument-parser::ArgumentParser",
            "swift-system::CSystem",
            "reminders-cli::RemindersLibrary",
            "reminders-cli::RemindersTests",
            "swift-system::SystemPackage",
            "reminders-cli::reminders",
            "reminders-cli::SwiftPMPackageDescription",
            "reminders-cli::remindersPackageTests::ProductTarget",
            "swift-argument-parser::SwiftPMPackageDescription",
            "swift-system::SwiftPMPackageDescription"
         );
      };
      "OBJ_10" = {
         isa = "PBXFileReference";
         path = "CLI.swift";
         sourceTree = "<group>";
      };
      "OBJ_105" = {
         isa = "PBXFileReference";
         path = "LICENSE";
         sourceTree = "<group>";
      };
      "OBJ_106" = {
         isa = "PBXFileReference";
         path = "Makefile";
         sourceTree = "<group>";
      };
      "OBJ_107" = {
         isa = "PBXFileReference";
         path = "README.md";
         sourceTree = "<group>";
      };
      "OBJ_109" = {
         isa = "XCConfigurationList";
         buildConfigurations = (
            "OBJ_110",
            "OBJ_111"
         );
         defaultConfigurationIsVisible = "0";
         defaultConfigurationName = "Release";
      };
      "OBJ_11" = {
         isa = "PBXFileReference";
         path = "CollectionType+Extension.swift";
         sourceTree = "<group>";
      };
      "OBJ_110" = {
         isa = "XCBuildConfiguration";
         buildSettings = {
            CURRENT_PROJECT_VERSION = "1";
            DRIVERKIT_DEPLOYMENT_TARGET = "19.0";
            ENABLE_TESTABILITY = "YES";
            FRAMEWORK_SEARCH_PATHS = (
               "$(inherited)",
               "$(PLATFORM_DIR)/Developer/Library/Frameworks"
            );
            HEADER_SEARCH_PATHS = (
               "$(inherited)"
            );
            INFOPLIST_FILE = "reminders.xcodeproj/ArgumentParser_Info.plist";
            IPHONEOS_DEPLOYMENT_TARGET = "9.0";
            LD_RUNPATH_SEARCH_PATHS = (
               "$(inherited)",
               "$(TOOLCHAIN_DIR)/usr/lib/swift/macosx"
            );
            MACOSX_DEPLOYMENT_TARGET = "10.10";
            OTHER_CFLAGS = (
               "$(inherited)"
            );
            OTHER_LDFLAGS = (
               "$(inherited)"
            );
            OTHER_SWIFT_FLAGS = (
               "$(inherited)"
            );
            PRODUCT_BUNDLE_IDENTIFIER = "ArgumentParser";
            PRODUCT_MODULE_NAME = "$(TARGET_NAME:c99extidentifier)";
            PRODUCT_NAME = "$(TARGET_NAME:c99extidentifier)";
            SKIP_INSTALL = "YES";
            SWIFT_ACTIVE_COMPILATION_CONDITIONS = (
               "$(inherited)"
            );
            SWIFT_VERSION = "5.0";
            TARGET_NAME = "ArgumentParser";
            TVOS_DEPLOYMENT_TARGET = "9.0";
            WATCHOS_DEPLOYMENT_TARGET = "2.0";
         };
         name = "Debug";
      };
      "OBJ_111" = {
         isa = "XCBuildConfiguration";
         buildSettings = {
            CURRENT_PROJECT_VERSION = "1";
            DRIVERKIT_DEPLOYMENT_TARGET = "19.0";
            ENABLE_TESTABILITY = "YES";
            FRAMEWORK_SEARCH_PATHS = (
               "$(inherited)",
               "$(PLATFORM_DIR)/Developer/Library/Frameworks"
            );
            HEADER_SEARCH_PATHS = (
               "$(inherited)"
            );
            INFOPLIST_FILE = "reminders.xcodeproj/ArgumentParser_Info.plist";
            IPHONEOS_DEPLOYMENT_TARGET = "9.0";
            LD_RUNPATH_SEARCH_PATHS = (
               "$(inherited)",
               "$(TOOLCHAIN_DIR)/usr/lib/swift/macosx"
            );
            MACOSX_DEPLOYMENT_TARGET = "10.10";
            OTHER_CFLAGS = (
               "$(inherited)"
            );
            OTHER_LDFLAGS = (
               "$(inherited)"
            );
            OTHER_SWIFT_FLAGS = (
               "$(inherited)"
            );
            PRODUCT_BUNDLE_IDENTIFIER = "ArgumentParser";
            PRODUCT_MODULE_NAME = "$(TARGET_NAME:c99extidentifier)";
            PRODUCT_NAME = "$(TARGET_NAME:c99extidentifier)";
            SKIP_INSTALL = "YES";
            SWIFT_ACTIVE_COMPILATION_CONDITIONS = (
               "$(inherited)"
            );
            SWIFT_VERSION = "5.0";
            TARGET_NAME = "ArgumentParser";
            TVOS_DEPLOYMENT_TARGET = "9.0";
            WATCHOS_DEPLOYMENT_TARGET = "2.0";
         };
         name = "Release";
      };
      "OBJ_112" = {
         isa = "PBXSourcesBuildPhase";
         files = (
            "OBJ_113",
            "OBJ_114",
            "OBJ_115",
            "OBJ_116",
            "OBJ_117",
            "OBJ_118",
            "OBJ_119",
            "OBJ_120",
            "OBJ_121",
            "OBJ_122",
            "OBJ_123",
            "OBJ_124",
            "OBJ_125",
            "OBJ_126",
            "OBJ_127",
            "OBJ_128",
            "OBJ_129",
            "OBJ_130",
            "OBJ_131",
            "OBJ_132",
            "OBJ_133",
            "OBJ_134",
            "OBJ_135",
            "OBJ_136",
            "OBJ_137",
            "OBJ_138",
            "OBJ_139",
            "OBJ_140",
            "OBJ_141",
            "OBJ_142",
            "OBJ_143",
            "OBJ_144",
            "OBJ_145",
            "OBJ_146",
            "OBJ_147"
         );
      };
      "OBJ_113" = {
         isa = "PBXBuildFile";
         fileRef = "OBJ_57";
      };
      "OBJ_114" = {
         isa = "PBXBuildFile";
         fileRef = "OBJ_58";
      };
      "OBJ_115" = {
         isa = "PBXBuildFile";
         fileRef = "OBJ_59";
      };
      "OBJ_116" = {
         isa = "PBXBuildFile";
         fileRef = "OBJ_60";
      };
      "OBJ_117" = {
         isa = "PBXBuildFile";
         fileRef = "OBJ_62";
      };
      "OBJ_118" = {
         isa = "PBXBuildFile";
         fileRef = "OBJ_63";
      };
      "OBJ_119" = {
         isa = "PBXBuildFile";
         fileRef = "OBJ_64";
      };
      "OBJ_12" = {
         isa = "PBXFileReference";
         path = "MDScanner.swift";
         sourceTree = "<group>";
      };
      "OBJ_120" = {
         isa = "PBXBuildFile";
         fileRef = "OBJ_65";
      };
      "OBJ_121" = {
         isa = "PBXBuildFile";
         fileRef = "OBJ_66";
      };
      "OBJ_122" = {
         isa = "PBXBuildFile";
         fileRef = "OBJ_67";
      };
      "OBJ_123" = {
         isa = "PBXBuildFile";
         fileRef = "OBJ_68";
      };
      "OBJ_124" = {
         isa = "PBXBuildFile";
         fileRef = "OBJ_69";
      };
      "OBJ_125" = {
         isa = "PBXBuildFile";
         fileRef = "OBJ_71";
      };
      "OBJ_126" = {
         isa = "PBXBuildFile";
         fileRef = "OBJ_72";
      };
      "OBJ_127" = {
         isa = "PBXBuildFile";
         fileRef = "OBJ_73";
      };
      "OBJ_128" = {
         isa = "PBXBuildFile";
         fileRef = "OBJ_74";
      };
      "OBJ_129" = {
         isa = "PBXBuildFile";
         fileRef = "OBJ_75";
      };
      "OBJ_13" = {
         isa = "PBXFileReference";
         path = "NaturalLanguage.swift";
         sourceTree = "<group>";
      };
      "OBJ_130" = {
         isa = "PBXBuildFile";
         fileRef = "OBJ_76";
      };
      "OBJ_131" = {
         isa = "PBXBuildFile";
         fileRef = "OBJ_78";
      };
      "OBJ_132" = {
         isa = "PBXBuildFile";
         fileRef = "OBJ_79";
      };
      "OBJ_133" = {
         isa = "PBXBuildFile";
         fileRef = "OBJ_80";
      };
      "OBJ_134" = {
         isa = "PBXBuildFile";
         fileRef = "OBJ_81";
      };
      "OBJ_135" = {
         isa = "PBXBuildFile";
         fileRef = "OBJ_82";
      };
      "OBJ_136" = {
         isa = "PBXBuildFile";
         fileRef = "OBJ_83";
      };
      "OBJ_137" = {
         isa = "PBXBuildFile";
         fileRef = "OBJ_84";
      };
      "OBJ_138" = {
         isa = "PBXBuildFile";
         fileRef = "OBJ_85";
      };
      "OBJ_139" = {
         isa = "PBXBuildFile";
         fileRef = "OBJ_86";
      };
      "OBJ_14" = {
         isa = "PBXFileReference";
         path = "Reminders.swift";
         sourceTree = "<group>";
      };
      "OBJ_140" = {
         isa = "PBXBuildFile";
         fileRef = "OBJ_87";
      };
      "OBJ_141" = {
         isa = "PBXBuildFile";
         fileRef = "OBJ_89";
      };
      "OBJ_142" = {
         isa = "PBXBuildFile";
         fileRef = "OBJ_90";
      };
      "OBJ_143" = {
         isa = "PBXBuildFile";
         fileRef = "OBJ_91";
      };
      "OBJ_144" = {
         isa = "PBXBuildFile";
         fileRef = "OBJ_92";
      };
      "OBJ_145" = {
         isa = "PBXBuildFile";
         fileRef = "OBJ_94";
      };
      "OBJ_146" = {
         isa = "PBXBuildFile";
         fileRef = "OBJ_95";
      };
      "OBJ_147" = {
         isa = "PBXBuildFile";
         fileRef = "OBJ_96";
      };
      "OBJ_148" = {
         isa = "PBXFrameworksBuildPhase";
         files = (
         );
      };
      "OBJ_15" = {
         isa = "PBXGroup";
         children = (
            "OBJ_16"
         );
         name = "reminders";
         path = "Sources/reminders";
         sourceTree = "SOURCE_ROOT";
      };
      "OBJ_150" = {
         isa = "XCConfigurationList";
         buildConfigurations = (
            "OBJ_151",
            "OBJ_152"
         );
         defaultConfigurationIsVisible = "0";
         defaultConfigurationName = "Release";
      };
      "OBJ_151" = {
         isa = "XCBuildConfiguration";
         buildSettings = {
            CURRENT_PROJECT_VERSION = "1";
            DEFINES_MODULE = "NO";
            DRIVERKIT_DEPLOYMENT_TARGET = "19.0";
            ENABLE_TESTABILITY = "YES";
            FRAMEWORK_SEARCH_PATHS = (
               "$(inherited)",
               "$(PLATFORM_DIR)/Developer/Library/Frameworks"
            );
            HEADER_SEARCH_PATHS = (
               "$(inherited)",
               "$(SRCROOT)/.build/checkouts/swift-system/Sources/CSystem/include"
            );
            INFOPLIST_FILE = "reminders.xcodeproj/CSystem_Info.plist";
            IPHONEOS_DEPLOYMENT_TARGET = "9.0";
            LD_RUNPATH_SEARCH_PATHS = (
               "$(inherited)",
               "$(TOOLCHAIN_DIR)/usr/lib/swift/macosx"
            );
            MACOSX_DEPLOYMENT_TARGET = "10.10";
            OTHER_CFLAGS = (
               "$(inherited)"
            );
            OTHER_LDFLAGS = (
               "$(inherited)"
            );
            OTHER_SWIFT_FLAGS = (
               "$(inherited)"
            );
            PRODUCT_BUNDLE_IDENTIFIER = "CSystem";
            PRODUCT_MODULE_NAME = "$(TARGET_NAME:c99extidentifier)";
            PRODUCT_NAME = "$(TARGET_NAME:c99extidentifier)";
            SKIP_INSTALL = "YES";
            SWIFT_ACTIVE_COMPILATION_CONDITIONS = (
               "$(inherited)"
            );
            TARGET_NAME = "CSystem";
            TVOS_DEPLOYMENT_TARGET = "9.0";
            WATCHOS_DEPLOYMENT_TARGET = "2.0";
         };
         name = "Debug";
      };
      "OBJ_152" = {
         isa = "XCBuildConfiguration";
         buildSettings = {
            CURRENT_PROJECT_VERSION = "1";
            DEFINES_MODULE = "NO";
            DRIVERKIT_DEPLOYMENT_TARGET = "19.0";
            ENABLE_TESTABILITY = "YES";
            FRAMEWORK_SEARCH_PATHS = (
               "$(inherited)",
               "$(PLATFORM_DIR)/Developer/Library/Frameworks"
            );
            HEADER_SEARCH_PATHS = (
               "$(inherited)",
               "$(SRCROOT)/.build/checkouts/swift-system/Sources/CSystem/include"
            );
            INFOPLIST_FILE = "reminders.xcodeproj/CSystem_Info.plist";
            IPHONEOS_DEPLOYMENT_TARGET = "9.0";
            LD_RUNPATH_SEARCH_PATHS = (
               "$(inherited)",
               "$(TOOLCHAIN_DIR)/usr/lib/swift/macosx"
            );
            MACOSX_DEPLOYMENT_TARGET = "10.10";
            OTHER_CFLAGS = (
               "$(inherited)"
            );
            OTHER_LDFLAGS = (
               "$(inherited)"
            );
            OTHER_SWIFT_FLAGS = (
               "$(inherited)"
            );
            PRODUCT_BUNDLE_IDENTIFIER = "CSystem";
            PRODUCT_MODULE_NAME = "$(TARGET_NAME:c99extidentifier)";
            PRODUCT_NAME = "$(TARGET_NAME:c99extidentifier)";
            SKIP_INSTALL = "YES";
            SWIFT_ACTIVE_COMPILATION_CONDITIONS = (
               "$(inherited)"
            );
            TARGET_NAME = "CSystem";
            TVOS_DEPLOYMENT_TARGET = "9.0";
            WATCHOS_DEPLOYMENT_TARGET = "2.0";
         };
         name = "Release";
      };
      "OBJ_153" = {
         isa = "PBXSourcesBuildPhase";
         files = (
            "OBJ_154"
         );
      };
      "OBJ_154" = {
         isa = "PBXBuildFile";
         fileRef = "OBJ_23";
      };
      "OBJ_155" = {
         isa = "PBXFrameworksBuildPhase";
         files = (
         );
      };
      "OBJ_157" = {
         isa = "XCConfigurationList";
         buildConfigurations = (
            "OBJ_158",
            "OBJ_159"
         );
         defaultConfigurationIsVisible = "0";
         defaultConfigurationName = "Release";
      };
      "OBJ_158" = {
         isa = "XCBuildConfiguration";
         buildSettings = {
            CURRENT_PROJECT_VERSION = "1";
            DRIVERKIT_DEPLOYMENT_TARGET = "19.0";
            ENABLE_TESTABILITY = "YES";
            FRAMEWORK_SEARCH_PATHS = (
               "$(inherited)",
               "$(PLATFORM_DIR)/Developer/Library/Frameworks"
            );
            HEADER_SEARCH_PATHS = (
               "$(inherited)",
               "$(SRCROOT)/.build/checkouts/swift-system/Sources/CSystem/include"
            );
            INFOPLIST_FILE = "reminders.xcodeproj/RemindersLibrary_Info.plist";
            IPHONEOS_DEPLOYMENT_TARGET = "9.0";
            LD_RUNPATH_SEARCH_PATHS = (
               "$(inherited)",
               "$(TOOLCHAIN_DIR)/usr/lib/swift/macosx"
            );
            MACOSX_DEPLOYMENT_TARGET = "11.0";
            OTHER_CFLAGS = (
               "$(inherited)"
            );
            OTHER_LDFLAGS = (
               "$(inherited)"
            );
            OTHER_SWIFT_FLAGS = (
               "$(inherited)",
               "-Xcc",
               "-fmodule-map-file=$(SRCROOT)/.build/checkouts/swift-system/Sources/CSystem/include/module.modulemap"
            );
            PRODUCT_BUNDLE_IDENTIFIER = "RemindersLibrary";
            PRODUCT_MODULE_NAME = "$(TARGET_NAME:c99extidentifier)";
            PRODUCT_NAME = "$(TARGET_NAME:c99extidentifier)";
            SKIP_INSTALL = "YES";
            SWIFT_ACTIVE_COMPILATION_CONDITIONS = (
               "$(inherited)"
            );
            SWIFT_VERSION = "5.0";
            TARGET_NAME = "RemindersLibrary";
            TVOS_DEPLOYMENT_TARGET = "9.0";
            WATCHOS_DEPLOYMENT_TARGET = "2.0";
         };
         name = "Debug";
      };
      "OBJ_159" = {
         isa = "XCBuildConfiguration";
         buildSettings = {
            CURRENT_PROJECT_VERSION = "1";
            DRIVERKIT_DEPLOYMENT_TARGET = "19.0";
            ENABLE_TESTABILITY = "YES";
            FRAMEWORK_SEARCH_PATHS = (
               "$(inherited)",
               "$(PLATFORM_DIR)/Developer/Library/Frameworks"
            );
            HEADER_SEARCH_PATHS = (
               "$(inherited)",
               "$(SRCROOT)/.build/checkouts/swift-system/Sources/CSystem/include"
            );
            INFOPLIST_FILE = "reminders.xcodeproj/RemindersLibrary_Info.plist";
            IPHONEOS_DEPLOYMENT_TARGET = "9.0";
            LD_RUNPATH_SEARCH_PATHS = (
               "$(inherited)",
               "$(TOOLCHAIN_DIR)/usr/lib/swift/macosx"
            );
            MACOSX_DEPLOYMENT_TARGET = "11.0";
            OTHER_CFLAGS = (
               "$(inherited)"
            );
            OTHER_LDFLAGS = (
               "$(inherited)"
            );
            OTHER_SWIFT_FLAGS = (
               "$(inherited)",
               "-Xcc",
               "-fmodule-map-file=$(SRCROOT)/.build/checkouts/swift-system/Sources/CSystem/include/module.modulemap"
            );
            PRODUCT_BUNDLE_IDENTIFIER = "RemindersLibrary";
            PRODUCT_MODULE_NAME = "$(TARGET_NAME:c99extidentifier)";
            PRODUCT_NAME = "$(TARGET_NAME:c99extidentifier)";
            SKIP_INSTALL = "YES";
            SWIFT_ACTIVE_COMPILATION_CONDITIONS = (
               "$(inherited)"
            );
            SWIFT_VERSION = "5.0";
            TARGET_NAME = "RemindersLibrary";
            TVOS_DEPLOYMENT_TARGET = "9.0";
            WATCHOS_DEPLOYMENT_TARGET = "2.0";
         };
         name = "Release";
      };
      "OBJ_16" = {
         isa = "PBXFileReference";
         path = "main.swift";
         sourceTree = "<group>";
      };
      "OBJ_160" = {
         isa = "PBXSourcesBuildPhase";
         files = (
            "OBJ_161",
            "OBJ_162",
            "OBJ_163",
            "OBJ_164",
            "OBJ_165"
         );
      };
      "OBJ_161" = {
         isa = "PBXBuildFile";
         fileRef = "OBJ_10";
      };
      "OBJ_162" = {
         isa = "PBXBuildFile";
         fileRef = "OBJ_11";
      };
      "OBJ_163" = {
         isa = "PBXBuildFile";
         fileRef = "OBJ_12";
      };
      "OBJ_164" = {
         isa = "PBXBuildFile";
         fileRef = "OBJ_13";
      };
      "OBJ_165" = {
         isa = "PBXBuildFile";
         fileRef = "OBJ_14";
      };
      "OBJ_166" = {
         isa = "PBXFrameworksBuildPhase";
         files = (
            "OBJ_167",
            "OBJ_168",
            "OBJ_169"
         );
      };
      "OBJ_167" = {
         isa = "PBXBuildFile";
         fileRef = "swift-system::SystemPackage::Product";
      };
      "OBJ_168" = {
         isa = "PBXBuildFile";
         fileRef = "swift-system::CSystem::Product";
      };
      "OBJ_169" = {
         isa = "PBXBuildFile";
         fileRef = "swift-argument-parser::ArgumentParser::Product";
      };
      "OBJ_17" = {
         isa = "PBXGroup";
         children = (
            "OBJ_18"
         );
         name = "Tests";
         path = "";
         sourceTree = "SOURCE_ROOT";
      };
      "OBJ_170" = {
         isa = "PBXTargetDependency";
         target = "swift-system::SystemPackage";
      };
      "OBJ_172" = {
         isa = "PBXTargetDependency";
         target = "swift-system::CSystem";
      };
      "OBJ_173" = {
         isa = "PBXTargetDependency";
         target = "swift-argument-parser::ArgumentParser";
      };
      "OBJ_175" = {
         isa = "XCConfigurationList";
         buildConfigurations = (
            "OBJ_176",
            "OBJ_177"
         );
         defaultConfigurationIsVisible = "0";
         defaultConfigurationName = "Release";
      };
      "OBJ_176" = {
         isa = "XCBuildConfiguration";
         buildSettings = {
            CLANG_ENABLE_MODULES = "YES";
            CURRENT_PROJECT_VERSION = "1";
            DRIVERKIT_DEPLOYMENT_TARGET = "19.0";
            EMBEDDED_CONTENT_CONTAINS_SWIFT = "YES";
            FRAMEWORK_SEARCH_PATHS = (
               "$(inherited)",
               "$(PLATFORM_DIR)/Developer/Library/Frameworks"
            );
            HEADER_SEARCH_PATHS = (
               "$(inherited)",
               "$(SRCROOT)/.build/checkouts/swift-system/Sources/CSystem/include"
            );
            INFOPLIST_FILE = "reminders.xcodeproj/RemindersTests_Info.plist";
            IPHONEOS_DEPLOYMENT_TARGET = "14.0";
            LD_RUNPATH_SEARCH_PATHS = (
               "$(inherited)",
               "@loader_path/../Frameworks",
               "@loader_path/Frameworks"
            );
            MACOSX_DEPLOYMENT_TARGET = "11.0";
            OTHER_CFLAGS = (
               "$(inherited)"
            );
            OTHER_LDFLAGS = (
               "$(inherited)"
            );
            OTHER_SWIFT_FLAGS = (
               "$(inherited)",
               "-Xcc",
               "-fmodule-map-file=$(SRCROOT)/.build/checkouts/swift-system/Sources/CSystem/include/module.modulemap"
            );
            SWIFT_ACTIVE_COMPILATION_CONDITIONS = (
               "$(inherited)"
            );
            SWIFT_VERSION = "5.0";
            TARGET_NAME = "RemindersTests";
            TVOS_DEPLOYMENT_TARGET = "14.0";
            WATCHOS_DEPLOYMENT_TARGET = "7.0";
         };
         name = "Debug";
      };
      "OBJ_177" = {
         isa = "XCBuildConfiguration";
         buildSettings = {
            CLANG_ENABLE_MODULES = "YES";
            CURRENT_PROJECT_VERSION = "1";
            DRIVERKIT_DEPLOYMENT_TARGET = "19.0";
            EMBEDDED_CONTENT_CONTAINS_SWIFT = "YES";
            FRAMEWORK_SEARCH_PATHS = (
               "$(inherited)",
               "$(PLATFORM_DIR)/Developer/Library/Frameworks"
            );
            HEADER_SEARCH_PATHS = (
               "$(inherited)",
               "$(SRCROOT)/.build/checkouts/swift-system/Sources/CSystem/include"
            );
            INFOPLIST_FILE = "reminders.xcodeproj/RemindersTests_Info.plist";
            IPHONEOS_DEPLOYMENT_TARGET = "14.0";
            LD_RUNPATH_SEARCH_PATHS = (
               "$(inherited)",
               "@loader_path/../Frameworks",
               "@loader_path/Frameworks"
            );
            MACOSX_DEPLOYMENT_TARGET = "11.0";
            OTHER_CFLAGS = (
               "$(inherited)"
            );
            OTHER_LDFLAGS = (
               "$(inherited)"
            );
            OTHER_SWIFT_FLAGS = (
               "$(inherited)",
               "-Xcc",
               "-fmodule-map-file=$(SRCROOT)/.build/checkouts/swift-system/Sources/CSystem/include/module.modulemap"
            );
            SWIFT_ACTIVE_COMPILATION_CONDITIONS = (
               "$(inherited)"
            );
            SWIFT_VERSION = "5.0";
            TARGET_NAME = "RemindersTests";
            TVOS_DEPLOYMENT_TARGET = "14.0";
            WATCHOS_DEPLOYMENT_TARGET = "7.0";
         };
         name = "Release";
      };
      "OBJ_178" = {
         isa = "PBXSourcesBuildPhase";
         files = (
            "OBJ_179"
         );
      };
      "OBJ_179" = {
         isa = "PBXBuildFile";
         fileRef = "OBJ_19";
      };
      "OBJ_18" = {
         isa = "PBXGroup";
         children = (
            "OBJ_19"
         );
         name = "RemindersTests";
         path = "Tests/RemindersTests";
         sourceTree = "SOURCE_ROOT";
      };
      "OBJ_180" = {
         isa = "PBXFrameworksBuildPhase";
         files = (
            "OBJ_181",
            "OBJ_182",
            "OBJ_183",
            "OBJ_184"
         );
      };
      "OBJ_181" = {
         isa = "PBXBuildFile";
         fileRef = "reminders-cli::RemindersLibrary::Product";
      };
      "OBJ_182" = {
         isa = "PBXBuildFile";
         fileRef = "swift-system::SystemPackage::Product";
      };
      "OBJ_183" = {
         isa = "PBXBuildFile";
         fileRef = "swift-system::CSystem::Product";
      };
      "OBJ_184" = {
         isa = "PBXBuildFile";
         fileRef = "swift-argument-parser::ArgumentParser::Product";
      };
      "OBJ_185" = {
         isa = "PBXTargetDependency";
         target = "reminders-cli::RemindersLibrary";
      };
      "OBJ_186" = {
         isa = "PBXTargetDependency";
         target = "swift-system::SystemPackage";
      };
      "OBJ_187" = {
         isa = "PBXTargetDependency";
         target = "swift-system::CSystem";
      };
      "OBJ_188" = {
         isa = "PBXTargetDependency";
         target = "swift-argument-parser::ArgumentParser";
      };
      "OBJ_189" = {
         isa = "XCConfigurationList";
         buildConfigurations = (
            "OBJ_190",
            "OBJ_191"
         );
         defaultConfigurationIsVisible = "0";
         defaultConfigurationName = "Release";
      };
      "OBJ_19" = {
         isa = "PBXFileReference";
         path = "NaturalLanguageTests.swift";
         sourceTree = "<group>";
      };
      "OBJ_190" = {
         isa = "XCBuildConfiguration";
         buildSettings = {
            CURRENT_PROJECT_VERSION = "1";
            DRIVERKIT_DEPLOYMENT_TARGET = "19.0";
            ENABLE_TESTABILITY = "YES";
            FRAMEWORK_SEARCH_PATHS = (
               "$(inherited)",
               "$(PLATFORM_DIR)/Developer/Library/Frameworks"
            );
            HEADER_SEARCH_PATHS = (
               "$(inherited)",
               "$(SRCROOT)/.build/checkouts/swift-system/Sources/CSystem/include"
            );
            INFOPLIST_FILE = "reminders.xcodeproj/SystemPackage_Info.plist";
            IPHONEOS_DEPLOYMENT_TARGET = "9.0";
            LD_RUNPATH_SEARCH_PATHS = (
               "$(inherited)",
               "$(TOOLCHAIN_DIR)/usr/lib/swift/macosx"
            );
            MACOSX_DEPLOYMENT_TARGET = "10.10";
            OTHER_CFLAGS = (
               "$(inherited)"
            );
            OTHER_LDFLAGS = (
               "$(inherited)"
            );
            OTHER_SWIFT_FLAGS = (
               "$(inherited)",
               "-Xcc",
               "-fmodule-map-file=$(SRCROOT)/.build/checkouts/swift-system/Sources/CSystem/include/module.modulemap"
            );
            PRODUCT_BUNDLE_IDENTIFIER = "SystemPackage";
            PRODUCT_MODULE_NAME = "$(TARGET_NAME:c99extidentifier)";
            PRODUCT_NAME = "$(TARGET_NAME:c99extidentifier)";
            SKIP_INSTALL = "YES";
            SWIFT_ACTIVE_COMPILATION_CONDITIONS = (
               "ENABLE_MOCKING"
            );
            SWIFT_VERSION = "5.0";
            TARGET_NAME = "SystemPackage";
            TVOS_DEPLOYMENT_TARGET = "9.0";
            WATCHOS_DEPLOYMENT_TARGET = "2.0";
         };
         name = "Debug";
      };
      "OBJ_191" = {
         isa = "XCBuildConfiguration";
         buildSettings = {
            CURRENT_PROJECT_VERSION = "1";
            DRIVERKIT_DEPLOYMENT_TARGET = "19.0";
            ENABLE_TESTABILITY = "YES";
            FRAMEWORK_SEARCH_PATHS = (
               "$(inherited)",
               "$(PLATFORM_DIR)/Developer/Library/Frameworks"
            );
            HEADER_SEARCH_PATHS = (
               "$(inherited)",
               "$(SRCROOT)/.build/checkouts/swift-system/Sources/CSystem/include"
            );
            INFOPLIST_FILE = "reminders.xcodeproj/SystemPackage_Info.plist";
            IPHONEOS_DEPLOYMENT_TARGET = "9.0";
            LD_RUNPATH_SEARCH_PATHS = (
               "$(inherited)",
               "$(TOOLCHAIN_DIR)/usr/lib/swift/macosx"
            );
            MACOSX_DEPLOYMENT_TARGET = "10.10";
            OTHER_CFLAGS = (
               "$(inherited)"
            );
            OTHER_LDFLAGS = (
               "$(inherited)"
            );
            OTHER_SWIFT_FLAGS = (
               "$(inherited)",
               "-Xcc",
               "-fmodule-map-file=$(SRCROOT)/.build/checkouts/swift-system/Sources/CSystem/include/module.modulemap"
            );
            PRODUCT_BUNDLE_IDENTIFIER = "SystemPackage";
            PRODUCT_MODULE_NAME = "$(TARGET_NAME:c99extidentifier)";
            PRODUCT_NAME = "$(TARGET_NAME:c99extidentifier)";
            SKIP_INSTALL = "YES";
            SWIFT_ACTIVE_COMPILATION_CONDITIONS = (
               "$(inherited)",
               "SYSTEM_PACKAGE"
            );
            SWIFT_VERSION = "5.0";
            TARGET_NAME = "SystemPackage";
            TVOS_DEPLOYMENT_TARGET = "9.0";
            WATCHOS_DEPLOYMENT_TARGET = "2.0";
         };
         name = "Release";
      };
      "OBJ_192" = {
         isa = "PBXSourcesBuildPhase";
         files = (
            "OBJ_193",
            "OBJ_194",
            "OBJ_195",
            "OBJ_196",
            "OBJ_197",
            "OBJ_198",
            "OBJ_199",
            "OBJ_200",
            "OBJ_201",
            "OBJ_202",
            "OBJ_203",
            "OBJ_204",
            "OBJ_205",
            "OBJ_206",
            "OBJ_207",
            "OBJ_208",
            "OBJ_209",
            "OBJ_210",
            "OBJ_211",
            "OBJ_212",
            "OBJ_213",
            "OBJ_214"
         );
      };
      "OBJ_193" = {
         isa = "PBXBuildFile";
         fileRef = "OBJ_29";
      };
      "OBJ_194" = {
         isa = "PBXBuildFile";
         fileRef = "OBJ_30";
      };
      "OBJ_195" = {
         isa = "PBXBuildFile";
         fileRef = "OBJ_31";
      };
      "OBJ_196" = {
         isa = "PBXBuildFile";
         fileRef = "OBJ_32";
      };
      "OBJ_197" = {
         isa = "PBXBuildFile";
         fileRef = "OBJ_34";
      };
      "OBJ_198" = {
         isa = "PBXBuildFile";
         fileRef = "OBJ_35";
      };
      "OBJ_199" = {
         isa = "PBXBuildFile";
         fileRef = "OBJ_36";
      };
      "OBJ_2" = {
         isa = "XCConfigurationList";
         buildConfigurations = (
            "OBJ_3",
            "OBJ_4"
         );
         defaultConfigurationIsVisible = "0";
         defaultConfigurationName = "Release";
      };
      "OBJ_20" = {
         isa = "PBXGroup";
         children = (
            "OBJ_21",
            "OBJ_54"
         );
         name = "Dependencies";
         path = "";
         sourceTree = "<group>";
      };
      "OBJ_200" = {
         isa = "PBXBuildFile";
         fileRef = "OBJ_37";
      };
      "OBJ_201" = {
         isa = "PBXBuildFile";
         fileRef = "OBJ_38";
      };
      "OBJ_202" = {
         isa = "PBXBuildFile";
         fileRef = "OBJ_39";
      };
      "OBJ_203" = {
         isa = "PBXBuildFile";
         fileRef = "OBJ_40";
      };
      "OBJ_204" = {
         isa = "PBXBuildFile";
         fileRef = "OBJ_41";
      };
      "OBJ_205" = {
         isa = "PBXBuildFile";
         fileRef = "OBJ_43";
      };
      "OBJ_206" = {
         isa = "PBXBuildFile";
         fileRef = "OBJ_44";
      };
      "OBJ_207" = {
         isa = "PBXBuildFile";
         fileRef = "OBJ_45";
      };
      "OBJ_208" = {
         isa = "PBXBuildFile";
         fileRef = "OBJ_46";
      };
      "OBJ_209" = {
         isa = "PBXBuildFile";
         fileRef = "OBJ_47";
      };
      "OBJ_21" = {
         isa = "PBXGroup";
         children = (
            "OBJ_22",
            "OBJ_28",
            "OBJ_53"
         );
         name = "swift-system 0.0.2";
         path = "";
         sourceTree = "SOURCE_ROOT";
      };
      "OBJ_210" = {
         isa = "PBXBuildFile";
         fileRef = "OBJ_48";
      };
      "OBJ_211" = {
         isa = "PBXBuildFile";
         fileRef = "OBJ_49";
      };
      "OBJ_212" = {
         isa = "PBXBuildFile";
         fileRef = "OBJ_50";
      };
      "OBJ_213" = {
         isa = "PBXBuildFile";
         fileRef = "OBJ_51";
      };
      "OBJ_214" = {
         isa = "PBXBuildFile";
         fileRef = "OBJ_52";
      };
      "OBJ_215" = {
         isa = "PBXFrameworksBuildPhase";
         files = (
            "OBJ_216"
         );
      };
      "OBJ_216" = {
         isa = "PBXBuildFile";
         fileRef = "swift-system::CSystem::Product";
      };
      "OBJ_217" = {
         isa = "PBXTargetDependency";
         target = "swift-system::CSystem";
      };
      "OBJ_219" = {
         isa = "XCConfigurationList";
         buildConfigurations = (
            "OBJ_220",
            "OBJ_221"
         );
         defaultConfigurationIsVisible = "0";
         defaultConfigurationName = "Release";
      };
      "OBJ_22" = {
         isa = "PBXGroup";
         children = (
            "OBJ_23",
            "OBJ_24"
         );
         name = "CSystem";
         path = ".build/checkouts/swift-system/Sources/CSystem";
         sourceTree = "SOURCE_ROOT";
      };
      "OBJ_220" = {
         isa = "XCBuildConfiguration";
         buildSettings = {
            CURRENT_PROJECT_VERSION = "1";
            DRIVERKIT_DEPLOYMENT_TARGET = "19.0";
            FRAMEWORK_SEARCH_PATHS = (
               "$(inherited)",
               "$(PLATFORM_DIR)/Developer/Library/Frameworks"
            );
            HEADER_SEARCH_PATHS = (
               "$(inherited)",
               "$(SRCROOT)/.build/checkouts/swift-system/Sources/CSystem/include"
            );
            INFOPLIST_FILE = "reminders.xcodeproj/reminders_Info.plist";
            IPHONEOS_DEPLOYMENT_TARGET = "9.0";
            LD_RUNPATH_SEARCH_PATHS = (
               "$(inherited)",
               "$(TOOLCHAIN_DIR)/usr/lib/swift/macosx",
               "@executable_path"
            );
            MACOSX_DEPLOYMENT_TARGET = "11.0";
            OTHER_CFLAGS = (
               "$(inherited)"
            );
            OTHER_LDFLAGS = (
               "$(inherited)"
            );
            OTHER_SWIFT_FLAGS = (
               "$(inherited)",
               "-Xcc",
               "-fmodule-map-file=$(SRCROOT)/.build/checkouts/swift-system/Sources/CSystem/include/module.modulemap"
            );
            SWIFT_ACTIVE_COMPILATION_CONDITIONS = (
               "$(inherited)"
            );
            SWIFT_FORCE_DYNAMIC_LINK_STDLIB = "YES";
            SWIFT_FORCE_STATIC_LINK_STDLIB = "NO";
            SWIFT_VERSION = "5.0";
            TARGET_NAME = "reminders";
            TVOS_DEPLOYMENT_TARGET = "9.0";
            WATCHOS_DEPLOYMENT_TARGET = "2.0";
         };
         name = "Debug";
      };
      "OBJ_221" = {
         isa = "XCBuildConfiguration";
         buildSettings = {
            CURRENT_PROJECT_VERSION = "1";
            DRIVERKIT_DEPLOYMENT_TARGET = "19.0";
            FRAMEWORK_SEARCH_PATHS = (
               "$(inherited)",
               "$(PLATFORM_DIR)/Developer/Library/Frameworks"
            );
            HEADER_SEARCH_PATHS = (
               "$(inherited)",
               "$(SRCROOT)/.build/checkouts/swift-system/Sources/CSystem/include"
            );
            INFOPLIST_FILE = "reminders.xcodeproj/reminders_Info.plist";
            IPHONEOS_DEPLOYMENT_TARGET = "9.0";
            LD_RUNPATH_SEARCH_PATHS = (
               "$(inherited)",
               "$(TOOLCHAIN_DIR)/usr/lib/swift/macosx",
               "@executable_path"
            );
            MACOSX_DEPLOYMENT_TARGET = "11.0";
            OTHER_CFLAGS = (
               "$(inherited)"
            );
            OTHER_LDFLAGS = (
               "$(inherited)"
            );
            OTHER_SWIFT_FLAGS = (
               "$(inherited)",
               "-Xcc",
               "-fmodule-map-file=$(SRCROOT)/.build/checkouts/swift-system/Sources/CSystem/include/module.modulemap"
            );
            SWIFT_ACTIVE_COMPILATION_CONDITIONS = (
               "$(inherited)"
            );
            SWIFT_FORCE_DYNAMIC_LINK_STDLIB = "YES";
            SWIFT_FORCE_STATIC_LINK_STDLIB = "NO";
            SWIFT_VERSION = "5.0";
            TARGET_NAME = "reminders";
            TVOS_DEPLOYMENT_TARGET = "9.0";
            WATCHOS_DEPLOYMENT_TARGET = "2.0";
         };
         name = "Release";
      };
      "OBJ_222" = {
         isa = "PBXSourcesBuildPhase";
         files = (
            "OBJ_223"
         );
      };
      "OBJ_223" = {
         isa = "PBXBuildFile";
         fileRef = "OBJ_16";
      };
      "OBJ_224" = {
         isa = "PBXFrameworksBuildPhase";
         files = (
            "OBJ_225",
            "OBJ_226",
            "OBJ_227",
            "OBJ_228"
         );
      };
      "OBJ_225" = {
         isa = "PBXBuildFile";
         fileRef = "reminders-cli::RemindersLibrary::Product";
      };
      "OBJ_226" = {
         isa = "PBXBuildFile";
         fileRef = "swift-system::SystemPackage::Product";
      };
      "OBJ_227" = {
         isa = "PBXBuildFile";
         fileRef = "swift-system::CSystem::Product";
      };
      "OBJ_228" = {
         isa = "PBXBuildFile";
         fileRef = "swift-argument-parser::ArgumentParser::Product";
      };
      "OBJ_229" = {
         isa = "PBXTargetDependency";
         target = "reminders-cli::RemindersLibrary";
      };
      "OBJ_23" = {
         isa = "PBXFileReference";
         path = "shims.c";
         sourceTree = "<group>";
      };
      "OBJ_230" = {
         isa = "PBXTargetDependency";
         target = "swift-system::SystemPackage";
      };
      "OBJ_231" = {
         isa = "PBXTargetDependency";
         target = "swift-system::CSystem";
      };
      "OBJ_232" = {
         isa = "PBXTargetDependency";
         target = "swift-argument-parser::ArgumentParser";
      };
      "OBJ_234" = {
         isa = "XCConfigurationList";
         buildConfigurations = (
            "OBJ_235",
            "OBJ_236"
         );
         defaultConfigurationIsVisible = "0";
         defaultConfigurationName = "Release";
      };
      "OBJ_235" = {
         isa = "XCBuildConfiguration";
         buildSettings = {
            LD = "/usr/bin/true";
            OTHER_SWIFT_FLAGS = (
               "-swift-version",
               "5",
               "-I",
               "$(TOOLCHAIN_DIR)/usr/lib/swift/pm/ManifestAPI",
               "-sdk",
               "/Applications/Xcode.app/Contents/Developer/Platforms/MacOSX.platform/Developer/SDKs/MacOSX12.3.sdk",
               "-package-description-version",
               "5.3.0"
            );
            SWIFT_VERSION = "5.0";
         };
         name = "Debug";
      };
      "OBJ_236" = {
         isa = "XCBuildConfiguration";
         buildSettings = {
            LD = "/usr/bin/true";
            OTHER_SWIFT_FLAGS = (
               "-swift-version",
               "5",
               "-I",
               "$(TOOLCHAIN_DIR)/usr/lib/swift/pm/ManifestAPI",
               "-sdk",
               "/Applications/Xcode.app/Contents/Developer/Platforms/MacOSX.platform/Developer/SDKs/MacOSX12.3.sdk",
               "-package-description-version",
               "5.3.0"
            );
            SWIFT_VERSION = "5.0";
         };
         name = "Release";
      };
      "OBJ_237" = {
         isa = "PBXSourcesBuildPhase";
         files = (
            "OBJ_238"
         );
      };
      "OBJ_238" = {
         isa = "PBXBuildFile";
         fileRef = "OBJ_6";
      };
      "OBJ_24" = {
         isa = "PBXGroup";
         children = (
            "OBJ_25",
            "OBJ_26",
            "OBJ_27"
         );
         name = "include";
         path = "include";
         sourceTree = "<group>";
      };
      "OBJ_240" = {
         isa = "XCConfigurationList";
         buildConfigurations = (
            "OBJ_241",
            "OBJ_242"
         );
         defaultConfigurationIsVisible = "0";
         defaultConfigurationName = "Release";
      };
      "OBJ_241" = {
         isa = "XCBuildConfiguration";
         buildSettings = {
         };
         name = "Debug";
      };
      "OBJ_242" = {
         isa = "XCBuildConfiguration";
         buildSettings = {
         };
         name = "Release";
      };
      "OBJ_243" = {
         isa = "PBXTargetDependency";
         target = "reminders-cli::RemindersTests";
      };
      "OBJ_245" = {
         isa = "XCConfigurationList";
         buildConfigurations = (
            "OBJ_246",
            "OBJ_247"
         );
         defaultConfigurationIsVisible = "0";
         defaultConfigurationName = "Release";
      };
      "OBJ_246" = {
         isa = "XCBuildConfiguration";
         buildSettings = {
            LD = "/usr/bin/true";
            OTHER_SWIFT_FLAGS = (
               "-swift-version",
               "5",
               "-I",
               "$(TOOLCHAIN_DIR)/usr/lib/swift/pm/ManifestAPI",
               "-sdk",
               "/Applications/Xcode.app/Contents/Developer/Platforms/MacOSX.platform/Developer/SDKs/MacOSX12.3.sdk",
               "-package-description-version",
               "5.2.0"
            );
            SWIFT_VERSION = "5.0";
         };
         name = "Debug";
      };
      "OBJ_247" = {
         isa = "XCBuildConfiguration";
         buildSettings = {
            LD = "/usr/bin/true";
            OTHER_SWIFT_FLAGS = (
               "-swift-version",
               "5",
               "-I",
               "$(TOOLCHAIN_DIR)/usr/lib/swift/pm/ManifestAPI",
               "-sdk",
               "/Applications/Xcode.app/Contents/Developer/Platforms/MacOSX.platform/Developer/SDKs/MacOSX12.3.sdk",
               "-package-description-version",
               "5.2.0"
            );
            SWIFT_VERSION = "5.0";
         };
         name = "Release";
      };
      "OBJ_248" = {
         isa = "PBXSourcesBuildPhase";
         files = (
            "OBJ_249"
         );
      };
      "OBJ_249" = {
         isa = "PBXBuildFile";
         fileRef = "OBJ_97";
      };
      "OBJ_25" = {
         isa = "PBXFileReference";
         path = "CSystemWindows.h";
         sourceTree = "<group>";
      };
      "OBJ_251" = {
         isa = "XCConfigurationList";
         buildConfigurations = (
            "OBJ_252",
            "OBJ_253"
         );
         defaultConfigurationIsVisible = "0";
         defaultConfigurationName = "Release";
      };
      "OBJ_252" = {
         isa = "XCBuildConfiguration";
         buildSettings = {
            LD = "/usr/bin/true";
            OTHER_SWIFT_FLAGS = (
               "-swift-version",
               "5",
               "-I",
               "$(TOOLCHAIN_DIR)/usr/lib/swift/pm/ManifestAPI",
               "-sdk",
               "/Applications/Xcode.app/Contents/Developer/Platforms/MacOSX.platform/Developer/SDKs/MacOSX12.3.sdk",
               "-package-description-version",
               "5.2.0"
            );
            SWIFT_VERSION = "5.0";
         };
         name = "Debug";
      };
      "OBJ_253" = {
         isa = "XCBuildConfiguration";
         buildSettings = {
            LD = "/usr/bin/true";
            OTHER_SWIFT_FLAGS = (
               "-swift-version",
               "5",
               "-I",
               "$(TOOLCHAIN_DIR)/usr/lib/swift/pm/ManifestAPI",
               "-sdk",
               "/Applications/Xcode.app/Contents/Developer/Platforms/MacOSX.platform/Developer/SDKs/MacOSX12.3.sdk",
               "-package-description-version",
               "5.2.0"
            );
            SWIFT_VERSION = "5.0";
         };
         name = "Release";
      };
      "OBJ_254" = {
         isa = "PBXSourcesBuildPhase";
         files = (
            "OBJ_255"
         );
      };
      "OBJ_255" = {
         isa = "PBXBuildFile";
         fileRef = "OBJ_53";
      };
      "OBJ_26" = {
         isa = "PBXFileReference";
         path = "CSystemLinux.h";
         sourceTree = "<group>";
      };
      "OBJ_27" = {
         isa = "PBXFileReference";
         name = "module.modulemap";
         path = "/Users/pascalvonfintel/personal_coding/reminders-cli/.build/checkouts/swift-system/Sources/CSystem/include/module.modulemap";
         sourceTree = "<group>";
      };
      "OBJ_28" = {
         isa = "PBXGroup";
         children = (
            "OBJ_29",
            "OBJ_30",
            "OBJ_31",
            "OBJ_32",
            "OBJ_33",
            "OBJ_41",
            "OBJ_42",
            "OBJ_49",
            "OBJ_50",
            "OBJ_51",
            "OBJ_52"
         );
         name = "SystemPackage";
         path = ".build/checkouts/swift-system/Sources/System";
         sourceTree = "SOURCE_ROOT";
      };
      "OBJ_29" = {
         isa = "PBXFileReference";
         path = "Errno.swift";
         sourceTree = "<group>";
      };
      "OBJ_3" = {
         isa = "XCBuildConfiguration";
         buildSettings = {
            CLANG_ENABLE_OBJC_ARC = "YES";
            COMBINE_HIDPI_IMAGES = "YES";
            COPY_PHASE_STRIP = "NO";
            DEBUG_INFORMATION_FORMAT = "dwarf";
            DYLIB_INSTALL_NAME_BASE = "@rpath";
            ENABLE_NS_ASSERTIONS = "YES";
            GCC_OPTIMIZATION_LEVEL = "0";
            GCC_PREPROCESSOR_DEFINITIONS = (
               "$(inherited)",
               "SWIFT_PACKAGE=1",
               "DEBUG=1"
            );
            MACOSX_DEPLOYMENT_TARGET = "10.10";
            ONLY_ACTIVE_ARCH = "YES";
            OTHER_SWIFT_FLAGS = (
               "$(inherited)",
               "-DXcode"
            );
            PRODUCT_NAME = "$(TARGET_NAME)";
            SDKROOT = "macosx";
            SUPPORTED_PLATFORMS = (
               "$(AVAILABLE_PLATFORMS)"
            );
            SUPPORTS_MACCATALYST = "YES";
            SWIFT_ACTIVE_COMPILATION_CONDITIONS = (
               "$(inherited)",
               "SWIFT_PACKAGE",
               "DEBUG"
            );
            SWIFT_OPTIMIZATION_LEVEL = "-Onone";
            USE_HEADERMAP = "NO";
         };
         name = "Debug";
      };
      "OBJ_30" = {
         isa = "PBXFileReference";
         path = "FileDescriptor.swift";
         sourceTree = "<group>";
      };
      "OBJ_31" = {
         isa = "PBXFileReference";
         path = "FileHelpers.swift";
         sourceTree = "<group>";
      };
      "OBJ_32" = {
         isa = "PBXFileReference";
         path = "FileOperations.swift";
         sourceTree = "<group>";
      };
      "OBJ_33" = {
         isa = "PBXGroup";
         children = (
            "OBJ_34",
            "OBJ_35",
            "OBJ_36",
            "OBJ_37",
            "OBJ_38",
            "OBJ_39",
            "OBJ_40"
         );
         name = "FilePath";
         path = "FilePath";
         sourceTree = "<group>";
      };
      "OBJ_34" = {
         isa = "PBXFileReference";
         path = "FilePath.swift";
         sourceTree = "<group>";
      };
      "OBJ_35" = {
         isa = "PBXFileReference";
         path = "FilePathComponentView.swift";
         sourceTree = "<group>";
      };
      "OBJ_36" = {
         isa = "PBXFileReference";
         path = "FilePathComponents.swift";
         sourceTree = "<group>";
      };
      "OBJ_37" = {
         isa = "PBXFileReference";
         path = "FilePathParsing.swift";
         sourceTree = "<group>";
      };
      "OBJ_38" = {
         isa = "PBXFileReference";
         path = "FilePathString.swift";
         sourceTree = "<group>";
      };
      "OBJ_39" = {
         isa = "PBXFileReference";
         path = "FilePathSyntax.swift";
         sourceTree = "<group>";
      };
      "OBJ_4" = {
         isa = "XCBuildConfiguration";
         buildSettings = {
            CLANG_ENABLE_OBJC_ARC = "YES";
            COMBINE_HIDPI_IMAGES = "YES";
            COPY_PHASE_STRIP = "YES";
            DEBUG_INFORMATION_FORMAT = "dwarf-with-dsym";
            DYLIB_INSTALL_NAME_BASE = "@rpath";
            GCC_OPTIMIZATION_LEVEL = "s";
            GCC_PREPROCESSOR_DEFINITIONS = (
               "$(inherited)",
               "SWIFT_PACKAGE=1"
            );
            MACOSX_DEPLOYMENT_TARGET = "10.10";
            OTHER_SWIFT_FLAGS = (
               "$(inherited)",
               "-DXcode"
            );
            PRODUCT_NAME = "$(TARGET_NAME)";
            SDKROOT = "macosx";
            SUPPORTED_PLATFORMS = (
               "$(AVAILABLE_PLATFORMS)"
            );
            SUPPORTS_MACCATALYST = "YES";
            SWIFT_ACTIVE_COMPILATION_CONDITIONS = (
               "$(inherited)",
               "SWIFT_PACKAGE"
            );
            SWIFT_OPTIMIZATION_LEVEL = "-Owholemodule";
            USE_HEADERMAP = "NO";
         };
         name = "Release";
      };
      "OBJ_40" = {
         isa = "PBXFileReference";
         path = "FilePathWindows.swift";
         sourceTree = "<group>";
      };
      "OBJ_41" = {
         isa = "PBXFileReference";
         path = "FilePermissions.swift";
         sourceTree = "<group>";
      };
      "OBJ_42" = {
         isa = "PBXGroup";
         children = (
            "OBJ_43",
            "OBJ_44",
            "OBJ_45",
            "OBJ_46",
            "OBJ_47",
            "OBJ_48"
         );
         name = "Internals";
         path = "Internals";
         sourceTree = "<group>";
      };
      "OBJ_43" = {
         isa = "PBXFileReference";
         path = "CInterop.swift";
         sourceTree = "<group>";
      };
      "OBJ_44" = {
         isa = "PBXFileReference";
         path = "Constants.swift";
         sourceTree = "<group>";
      };
      "OBJ_45" = {
         isa = "PBXFileReference";
         path = "Exports.swift";
         sourceTree = "<group>";
      };
      "OBJ_46" = {
         isa = "PBXFileReference";
         path = "Mocking.swift";
         sourceTree = "<group>";
      };
      "OBJ_47" = {
         isa = "PBXFileReference";
         path = "Syscalls.swift";
         sourceTree = "<group>";
      };
      "OBJ_48" = {
         isa = "PBXFileReference";
         path = "WindowsSyscallAdapters.swift";
         sourceTree = "<group>";
      };
      "OBJ_49" = {
         isa = "PBXFileReference";
         path = "PlatformString.swift";
         sourceTree = "<group>";
      };
      "OBJ_5" = {
         isa = "PBXGroup";
         children = (
            "OBJ_6",
            "OBJ_7",
            "OBJ_17",
            "OBJ_20",
            "OBJ_98",
            "OBJ_105",
            "OBJ_106",
            "OBJ_107"
         );
         path = "";
         sourceTree = "<group>";
      };
      "OBJ_50" = {
         isa = "PBXFileReference";
         path = "SystemString.swift";
         sourceTree = "<group>";
      };
      "OBJ_51" = {
         isa = "PBXFileReference";
         path = "Util.swift";
         sourceTree = "<group>";
      };
      "OBJ_52" = {
         isa = "PBXFileReference";
         path = "UtilConsumers.swift";
         sourceTree = "<group>";
      };
      "OBJ_53" = {
         isa = "PBXFileReference";
         explicitFileType = "sourcecode.swift";
         name = "Package.swift";
         path = "/Users/pascalvonfintel/personal_coding/reminders-cli/.build/checkouts/swift-system/Package.swift";
         sourceTree = "<group>";
      };
      "OBJ_54" = {
         isa = "PBXGroup";
         children = (
            "OBJ_55",
            "OBJ_97"
         );
         name = "swift-argument-parser 0.3.1";
         path = "";
         sourceTree = "SOURCE_ROOT";
      };
      "OBJ_55" = {
         isa = "PBXGroup";
         children = (
            "OBJ_56",
            "OBJ_61",
            "OBJ_70",
            "OBJ_77",
            "OBJ_88",
            "OBJ_93"
         );
         name = "ArgumentParser";
         path = ".build/checkouts/swift-argument-parser/Sources/ArgumentParser";
         sourceTree = "SOURCE_ROOT";
      };
      "OBJ_56" = {
         isa = "PBXGroup";
         children = (
            "OBJ_57",
            "OBJ_58",
            "OBJ_59",
            "OBJ_60"
         );
         name = "Completions";
         path = "Completions";
         sourceTree = "<group>";
      };
      "OBJ_57" = {
         isa = "PBXFileReference";
         path = "BashCompletionsGenerator.swift";
         sourceTree = "<group>";
      };
      "OBJ_58" = {
         isa = "PBXFileReference";
         path = "CompletionsGenerator.swift";
         sourceTree = "<group>";
      };
      "OBJ_59" = {
         isa = "PBXFileReference";
         path = "FishCompletionsGenerator.swift";
         sourceTree = "<group>";
      };
      "OBJ_6" = {
         isa = "PBXFileReference";
         explicitFileType = "sourcecode.swift";
         path = "Package.swift";
         sourceTree = "<group>";
      };
      "OBJ_60" = {
         isa = "PBXFileReference";
         path = "ZshCompletionsGenerator.swift";
         sourceTree = "<group>";
      };
      "OBJ_61" = {
         isa = "PBXGroup";
         children = (
            "OBJ_62",
            "OBJ_63",
            "OBJ_64",
            "OBJ_65",
            "OBJ_66",
            "OBJ_67",
            "OBJ_68",
            "OBJ_69"
         );
         name = "Parsable Properties";
         path = "Parsable Properties";
         sourceTree = "<group>";
      };
      "OBJ_62" = {
         isa = "PBXFileReference";
         path = "Argument.swift";
         sourceTree = "<group>";
      };
      "OBJ_63" = {
         isa = "PBXFileReference";
         path = "ArgumentHelp.swift";
         sourceTree = "<group>";
      };
      "OBJ_64" = {
         isa = "PBXFileReference";
         path = "CompletionKind.swift";
         sourceTree = "<group>";
      };
      "OBJ_65" = {
         isa = "PBXFileReference";
         path = "Errors.swift";
         sourceTree = "<group>";
      };
      "OBJ_66" = {
         isa = "PBXFileReference";
         path = "Flag.swift";
         sourceTree = "<group>";
      };
      "OBJ_67" = {
         isa = "PBXFileReference";
         path = "NameSpecification.swift";
         sourceTree = "<group>";
      };
      "OBJ_68" = {
         isa = "PBXFileReference";
         path = "Option.swift";
         sourceTree = "<group>";
      };
      "OBJ_69" = {
         isa = "PBXFileReference";
         path = "OptionGroup.swift";
         sourceTree = "<group>";
      };
      "OBJ_7" = {
         isa = "PBXGroup";
         children = (
            "OBJ_8",
            "OBJ_15"
         );
         name = "Sources";
         path = "";
         sourceTree = "SOURCE_ROOT";
      };
      "OBJ_70" = {
         isa = "PBXGroup";
         children = (
            "OBJ_71",
            "OBJ_72",
            "OBJ_73",
            "OBJ_74",
            "OBJ_75",
            "OBJ_76"
         );
         name = "Parsable Types";
         path = "Parsable Types";
         sourceTree = "<group>";
      };
      "OBJ_71" = {
         isa = "PBXFileReference";
         path = "CommandConfiguration.swift";
         sourceTree = "<group>";
      };
      "OBJ_72" = {
         isa = "PBXFileReference";
         path = "EnumerableFlag.swift";
         sourceTree = "<group>";
      };
      "OBJ_73" = {
         isa = "PBXFileReference";
         path = "ExpressibleByArgument.swift";
         sourceTree = "<group>";
      };
      "OBJ_74" = {
         isa = "PBXFileReference";
         path = "ParsableArguments.swift";
         sourceTree = "<group>";
      };
      "OBJ_75" = {
         isa = "PBXFileReference";
         path = "ParsableArgumentsValidation.swift";
         sourceTree = "<group>";
      };
      "OBJ_76" = {
         isa = "PBXFileReference";
         path = "ParsableCommand.swift";
         sourceTree = "<group>";
      };
      "OBJ_77" = {
         isa = "PBXGroup";
         children = (
            "OBJ_78",
            "OBJ_79",
            "OBJ_80",
            "OBJ_81",
            "OBJ_82",
            "OBJ_83",
            "OBJ_84",
            "OBJ_85",
            "OBJ_86",
            "OBJ_87"
         );
         name = "Parsing";
         path = "Parsing";
         sourceTree = "<group>";
      };
      "OBJ_78" = {
         isa = "PBXFileReference";
         path = "ArgumentDecoder.swift";
         sourceTree = "<group>";
      };
      "OBJ_79" = {
         isa = "PBXFileReference";
         path = "ArgumentDefinition.swift";
         sourceTree = "<group>";
      };
      "OBJ_8" = {
         isa = "PBXGroup";
         children = (
            "OBJ_9",
            "OBJ_10",
            "OBJ_11",
            "OBJ_12",
            "OBJ_13",
            "OBJ_14"
         );
         name = "RemindersLibrary";
         path = "Sources/RemindersLibrary";
         sourceTree = "SOURCE_ROOT";
      };
      "OBJ_80" = {
         isa = "PBXFileReference";
         path = "ArgumentSet.swift";
         sourceTree = "<group>";
      };
      "OBJ_81" = {
         isa = "PBXFileReference";
         path = "CommandParser.swift";
         sourceTree = "<group>";
      };
      "OBJ_82" = {
         isa = "PBXFileReference";
         path = "InputOrigin.swift";
         sourceTree = "<group>";
      };
      "OBJ_83" = {
         isa = "PBXFileReference";
         path = "Name.swift";
         sourceTree = "<group>";
      };
      "OBJ_84" = {
         isa = "PBXFileReference";
         path = "Parsed.swift";
         sourceTree = "<group>";
      };
      "OBJ_85" = {
         isa = "PBXFileReference";
         path = "ParsedValues.swift";
         sourceTree = "<group>";
      };
      "OBJ_86" = {
         isa = "PBXFileReference";
         path = "ParserError.swift";
         sourceTree = "<group>";
      };
      "OBJ_87" = {
         isa = "PBXFileReference";
         path = "SplitArguments.swift";
         sourceTree = "<group>";
      };
      "OBJ_88" = {
         isa = "PBXGroup";
         children = (
            "OBJ_89",
            "OBJ_90",
            "OBJ_91",
            "OBJ_92"
         );
         name = "Usage";
         path = "Usage";
         sourceTree = "<group>";
      };
      "OBJ_89" = {
         isa = "PBXFileReference";
         path = "HelpCommand.swift";
         sourceTree = "<group>";
      };
      "OBJ_9" = {
         isa = "PBXFileReference";
         path = "#MDScanner.swift#";
         sourceTree = "<group>";
      };
      "OBJ_90" = {
         isa = "PBXFileReference";
         path = "HelpGenerator.swift";
         sourceTree = "<group>";
      };
      "OBJ_91" = {
         isa = "PBXFileReference";
         path = "MessageInfo.swift";
         sourceTree = "<group>";
      };
      "OBJ_92" = {
         isa = "PBXFileReference";
         path = "UsageGenerator.swift";
         sourceTree = "<group>";
      };
      "OBJ_93" = {
         isa = "PBXGroup";
         children = (
            "OBJ_94",
            "OBJ_95",
            "OBJ_96"
         );
         name = "Utilities";
         path = "Utilities";
         sourceTree = "<group>";
      };
      "OBJ_94" = {
         isa = "PBXFileReference";
         path = "SequenceExtensions.swift";
         sourceTree = "<group>";
      };
      "OBJ_95" = {
         isa = "PBXFileReference";
         path = "StringExtensions.swift";
         sourceTree = "<group>";
      };
      "OBJ_96" = {
         isa = "PBXFileReference";
         path = "Tree.swift";
         sourceTree = "<group>";
      };
      "OBJ_97" = {
         isa = "PBXFileReference";
         explicitFileType = "sourcecode.swift";
         name = "Package.swift";
         path = "/Users/pascalvonfintel/personal_coding/reminders-cli/.build/checkouts/swift-argument-parser/Package.swift";
         sourceTree = "<group>";
      };
      "OBJ_98" = {
         isa = "PBXGroup";
         children = (
            "swift-argument-parser::ArgumentParser::Product",
            "swift-system::CSystem::Product",
            "reminders-cli::RemindersLibrary::Product",
            "reminders-cli::RemindersTests::Product",
            "swift-system::SystemPackage::Product",
            "reminders-cli::reminders::Product"
         );
         name = "Products";
         path = "";
         sourceTree = "BUILT_PRODUCTS_DIR";
      };
      "reminders-cli::RemindersLibrary" = {
         isa = "PBXNativeTarget";
         buildConfigurationList = "OBJ_157";
         buildPhases = (
            "OBJ_160",
            "OBJ_166"
         );
         dependencies = (
            "OBJ_170",
            "OBJ_172",
            "OBJ_173"
         );
         name = "RemindersLibrary";
         productName = "RemindersLibrary";
         productReference = "reminders-cli::RemindersLibrary::Product";
         productType = "com.apple.product-type.framework";
      };
      "reminders-cli::RemindersLibrary::Product" = {
         isa = "PBXFileReference";
         path = "RemindersLibrary.framework";
         sourceTree = "BUILT_PRODUCTS_DIR";
      };
      "reminders-cli::RemindersTests" = {
         isa = "PBXNativeTarget";
         buildConfigurationList = "OBJ_175";
         buildPhases = (
            "OBJ_178",
            "OBJ_180"
         );
         dependencies = (
            "OBJ_185",
            "OBJ_186",
            "OBJ_187",
            "OBJ_188"
         );
         name = "RemindersTests";
         productName = "RemindersTests";
         productReference = "reminders-cli::RemindersTests::Product";
         productType = "com.apple.product-type.bundle.unit-test";
      };
      "reminders-cli::RemindersTests::Product" = {
         isa = "PBXFileReference";
         path = "RemindersTests.xctest";
         sourceTree = "BUILT_PRODUCTS_DIR";
      };
      "reminders-cli::SwiftPMPackageDescription" = {
         isa = "PBXNativeTarget";
         buildConfigurationList = "OBJ_234";
         buildPhases = (
            "OBJ_237"
         );
         dependencies = (
         );
         name = "remindersPackageDescription";
         productName = "remindersPackageDescription";
         productType = "com.apple.product-type.framework";
      };
      "reminders-cli::reminders" = {
         isa = "PBXNativeTarget";
         buildConfigurationList = "OBJ_219";
         buildPhases = (
            "OBJ_222",
            "OBJ_224"
         );
         dependencies = (
            "OBJ_229",
            "OBJ_230",
            "OBJ_231",
            "OBJ_232"
         );
         name = "reminders";
         productName = "reminders";
         productReference = "reminders-cli::reminders::Product";
         productType = "com.apple.product-type.tool";
      };
      "reminders-cli::reminders::Product" = {
         isa = "PBXFileReference";
         path = "reminders";
         sourceTree = "BUILT_PRODUCTS_DIR";
      };
      "reminders-cli::remindersPackageTests::ProductTarget" = {
         isa = "PBXAggregateTarget";
         buildConfigurationList = "OBJ_240";
         buildPhases = (
         );
         dependencies = (
            "OBJ_243"
         );
         name = "remindersPackageTests";
         productName = "remindersPackageTests";
      };
      "swift-argument-parser::ArgumentParser" = {
         isa = "PBXNativeTarget";
         buildConfigurationList = "OBJ_109";
         buildPhases = (
            "OBJ_112",
            "OBJ_148"
         );
         dependencies = (
         );
         name = "ArgumentParser";
         productName = "ArgumentParser";
         productReference = "swift-argument-parser::ArgumentParser::Product";
         productType = "com.apple.product-type.framework";
      };
      "swift-argument-parser::ArgumentParser::Product" = {
         isa = "PBXFileReference";
         path = "ArgumentParser.framework";
         sourceTree = "BUILT_PRODUCTS_DIR";
      };
      "swift-argument-parser::SwiftPMPackageDescription" = {
         isa = "PBXNativeTarget";
         buildConfigurationList = "OBJ_245";
         buildPhases = (
            "OBJ_248"
         );
         dependencies = (
         );
         name = "swift-argument-parserPackageDescription";
         productName = "swift-argument-parserPackageDescription";
         productType = "com.apple.product-type.framework";
      };
      "swift-system::CSystem" = {
         isa = "PBXNativeTarget";
         buildConfigurationList = "OBJ_150";
         buildPhases = (
            "OBJ_153",
            "OBJ_155"
         );
         dependencies = (
         );
         name = "CSystem";
         productName = "CSystem";
         productReference = "swift-system::CSystem::Product";
         productType = "com.apple.product-type.framework";
      };
      "swift-system::CSystem::Product" = {
         isa = "PBXFileReference";
         path = "CSystem.framework";
         sourceTree = "BUILT_PRODUCTS_DIR";
      };
      "swift-system::SwiftPMPackageDescription" = {
         isa = "PBXNativeTarget";
         buildConfigurationList = "OBJ_251";
         buildPhases = (
            "OBJ_254"
         );
         dependencies = (
         );
         name = "swift-systemPackageDescription";
         productName = "swift-systemPackageDescription";
         productType = "com.apple.product-type.framework";
      };
      "swift-system::SystemPackage" = {
         isa = "PBXNativeTarget";
         buildConfigurationList = "OBJ_189";
         buildPhases = (
            "OBJ_192",
            "OBJ_215"
         );
         dependencies = (
            "OBJ_217"
         );
         name = "SystemPackage";
         productName = "SystemPackage";
         productReference = "swift-system::SystemPackage::Product";
         productType = "com.apple.product-type.framework";
      };
      "swift-system::SystemPackage::Product" = {
         isa = "PBXFileReference";
         path = "SystemPackage.framework";
         sourceTree = "BUILT_PRODUCTS_DIR";
      };
   };
   rootObject = "OBJ_1";
}
